// !$*UTF8*$!
{
	archiveVersion = 1;
	classes = {
	};
	objectVersion = 46;
	objects = {

/* Begin PBXBuildFile section */
		135BF5DF1BD5D58E00FB8CB3 /* libusb-1.0.0.dylib in Frameworks */ = {isa = PBXBuildFile; fileRef = 135BF5DE1BD5D58E00FB8CB3 /* libusb-1.0.0.dylib */; };
		13D12C131BC99C70009E6E2B /* main.cpp in Sources */ = {isa = PBXBuildFile; fileRef = 13D12C121BC99C70009E6E2B /* main.cpp */; };
/* End PBXBuildFile section */

/* Begin PBXCopyFilesBuildPhase section */
		13D12C0D1BC99C70009E6E2B /* CopyFiles */ = {
			isa = PBXCopyFilesBuildPhase;
			buildActionMask = 2147483647;
			dstPath = /usr/share/man/man1/;
			dstSubfolderSpec = 0;
			files = (
			);
			runOnlyForDeploymentPostprocessing = 1;
		};
/* End PBXCopyFilesBuildPhase section */

/* Begin PBXFileReference section */
		135BF5DE1BD5D58E00FB8CB3 /* libusb-1.0.0.dylib */ = {isa = PBXFileReference; lastKnownFileType = "compiled.mach-o.dylib"; path = "libusb-1.0.0.dylib"; sourceTree = "<group>"; };
		13D12C0F1BC99C70009E6E2B /* xmosdfu */ = {isa = PBXFileReference; explicitFileType = "compiled.mach-o.executable"; includeInIndex = 0; path = xmosdfu; sourceTree = BUILT_PRODUCTS_DIR; };
		13D12C121BC99C70009E6E2B /* main.cpp */ = {isa = PBXFileReference; lastKnownFileType = sourcecode.cpp.cpp; path = main.cpp; sourceTree = "<group>"; };
		13D12C191BC99CC9009E6E2B /* libusb.h */ = {isa = PBXFileReference; lastKnownFileType = sourcecode.c.h; path = libusb.h; sourceTree = "<group>"; };
/* End PBXFileReference section */

/* Begin PBXFrameworksBuildPhase section */
		13D12C0C1BC99C70009E6E2B /* Frameworks */ = {
			isa = PBXFrameworksBuildPhase;
			buildActionMask = 2147483647;
			files = (
				135BF5DF1BD5D58E00FB8CB3 /* libusb-1.0.0.dylib in Frameworks */,
			);
			runOnlyForDeploymentPostprocessing = 0;
		};
/* End PBXFrameworksBuildPhase section */

/* Begin PBXGroup section */
		13D12C061BC99C70009E6E2B = {
			isa = PBXGroup;
			children = (
				13D12C111BC99C70009E6E2B /* xmosdfu */,
				13D12C101BC99C70009E6E2B /* Products */,
				135BF5DE1BD5D58E00FB8CB3 /* libusb-1.0.0.dylib */,
			);
			sourceTree = "<group>";
		};
		13D12C101BC99C70009E6E2B /* Products */ = {
			isa = PBXGroup;
			children = (
				13D12C0F1BC99C70009E6E2B /* xmosdfu */,
			);
			name = Products;
			sourceTree = "<group>";
		};
		13D12C111BC99C70009E6E2B /* xmosdfu */ = {
			isa = PBXGroup;
			children = (
				13D12C121BC99C70009E6E2B /* main.cpp */,
				13D12C191BC99CC9009E6E2B /* libusb.h */,
			);
			path = xmosdfu;
			sourceTree = "<group>";
		};
/* End PBXGroup section */

/* Begin PBXNativeTarget section */
		13D12C0E1BC99C70009E6E2B /* xmosdfu */ = {
			isa = PBXNativeTarget;
			buildConfigurationList = 13D12C161BC99C70009E6E2B /* Build configuration list for PBXNativeTarget "xmosdfu" */;
			buildPhases = (
				13D12C0B1BC99C70009E6E2B /* Sources */,
				13D12C0C1BC99C70009E6E2B /* Frameworks */,
				13D12C0D1BC99C70009E6E2B /* CopyFiles */,
			);
			buildRules = (
			);
			dependencies = (
			);
			name = xmosdfu;
			productName = xmosdfu;
			productReference = 13D12C0F1BC99C70009E6E2B /* xmosdfu */;
			productType = "com.apple.product-type.tool";
		};
/* End PBXNativeTarget section */

/* Begin PBXProject section */
		13D12C071BC99C70009E6E2B /* Project object */ = {
			isa = PBXProject;
			attributes = {
				LastUpgradeCheck = 0620;
				ORGANIZATIONNAME = "Chuck Carlson";
				TargetAttributes = {
					13D12C0E1BC99C70009E6E2B = {
						CreatedOnToolsVersion = 6.2;
					};
				};
			};
			buildConfigurationList = 13D12C0A1BC99C70009E6E2B /* Build configuration list for PBXProject "xmosdfu" */;
			compatibilityVersion = "Xcode 3.2";
			developmentRegion = English;
			hasScannedForEncodings = 0;
			knownRegions = (
				en,
			);
			mainGroup = 13D12C061BC99C70009E6E2B;
			productRefGroup = 13D12C101BC99C70009E6E2B /* Products */;
			projectDirPath = "";
			projectRoot = "";
			targets = (
				13D12C0E1BC99C70009E6E2B /* xmosdfu */,
			);
		};
/* End PBXProject section */

/* Begin PBXSourcesBuildPhase section */
		13D12C0B1BC99C70009E6E2B /* Sources */ = {
			isa = PBXSourcesBuildPhase;
			buildActionMask = 2147483647;
			files = (
				13D12C131BC99C70009E6E2B /* main.cpp in Sources */,
			);
			runOnlyForDeploymentPostprocessing = 0;
		};
/* End PBXSourcesBuildPhase section */

/* Begin XCBuildConfiguration section */
		13D12C141BC99C70009E6E2B /* Debug */ = {
			isa = XCBuildConfiguration;
			buildSettings = {
				ALWAYS_SEARCH_USER_PATHS = NO;
				CLANG_CXX_LANGUAGE_STANDARD = "gnu++0x";
				CLANG_CXX_LIBRARY = "libc++";
				CLANG_ENABLE_MODULES = YES;
				CLANG_ENABLE_OBJC_ARC = YES;
				CLANG_WARN_BOOL_CONVERSION = YES;
				CLANG_WARN_CONSTANT_CONVERSION = YES;
				CLANG_WARN_DIRECT_OBJC_ISA_USAGE = YES_ERROR;
				CLANG_WARN_EMPTY_BODY = YES;
				CLANG_WARN_ENUM_CONVERSION = YES;
				CLANG_WARN_INT_CONVERSION = YES;
				CLANG_WARN_OBJC_ROOT_CLASS = YES_ERROR;
				CLANG_WARN_UNREACHABLE_CODE = YES;
				CLANG_WARN__DUPLICATE_METHOD_MATCH = YES;
				COPY_PHASE_STRIP = NO;
				ENABLE_STRICT_OBJC_MSGSEND = YES;
				GCC_C_LANGUAGE_STANDARD = gnu99;
				GCC_DYNAMIC_NO_PIC = NO;
				GCC_OPTIMIZATION_LEVEL = 0;
				GCC_PREPROCESSOR_DEFINITIONS = (
					"DEBUG=1",
					"$(inherited)",
				);
				GCC_SYMBOLS_PRIVATE_EXTERN = NO;
				GCC_WARN_64_TO_32_BIT_CONVERSION = YES;
				GCC_WARN_ABOUT_RETURN_TYPE = YES_ERROR;
				GCC_WARN_UNDECLARED_SELECTOR = YES;
				GCC_WARN_UNINITIALIZED_AUTOS = YES_AGGRESSIVE;
				GCC_WARN_UNUSED_FUNCTION = YES;
				GCC_WARN_UNUSED_VARIABLE = YES;
				MACOSX_DEPLOYMENT_TARGET = 10.9;
				MTL_ENABLE_DEBUG_INFO = YES;
				ONLY_ACTIVE_ARCH = YES;
				SDKROOT = macosx;
			};
			name = Debug;
		};
		13D12C151BC99C70009E6E2B /* Release */ = {
			isa = XCBuildConfiguration;
			buildSettings = {
				ALWAYS_SEARCH_USER_PATHS = NO;
				CLANG_CXX_LANGUAGE_STANDARD = "gnu++0x";
				CLANG_CXX_LIBRARY = "libc++";
				CLANG_ENABLE_MODULES = YES;
				CLANG_ENABLE_OBJC_ARC = YES;
				CLANG_WARN_BOOL_CONVERSION = YES;
				CLANG_WARN_CONSTANT_CONVERSION = YES;
				CLANG_WARN_DIRECT_OBJC_ISA_USAGE = YES_ERROR;
				CLANG_WARN_EMPTY_BODY = YES;
				CLANG_WARN_ENUM_CONVERSION = YES;
				CLANG_WARN_INT_CONVERSION = YES;
				CLANG_WARN_OBJC_ROOT_CLASS = YES_ERROR;
				CLANG_WARN_UNREACHABLE_CODE = YES;
				CLANG_WARN__DUPLICATE_METHOD_MATCH = YES;
				COPY_PHASE_STRIP = NO;
				DEBUG_INFORMATION_FORMAT = "dwarf-with-dsym";
				ENABLE_NS_ASSERTIONS = NO;
				ENABLE_STRICT_OBJC_MSGSEND = YES;
				GCC_C_LANGUAGE_STANDARD = gnu99;
				GCC_WARN_64_TO_32_BIT_CONVERSION = YES;
				GCC_WARN_ABOUT_RETURN_TYPE = YES_ERROR;
				GCC_WARN_UNDECLARED_SELECTOR = YES;
				GCC_WARN_UNINITIALIZED_AUTOS = YES_AGGRESSIVE;
				GCC_WARN_UNUSED_FUNCTION = YES;
				GCC_WARN_UNUSED_VARIABLE = YES;
				MACOSX_DEPLOYMENT_TARGET = 10.9;
				MTL_ENABLE_DEBUG_INFO = NO;
				SDKROOT = macosx;
			};
			name = Release;
		};
		13D12C171BC99C70009E6E2B /* Debug */ = {
			isa = XCBuildConfiguration;
			buildSettings = {
				LIBRARY_SEARCH_PATHS = (
					"$(inherited)",
					"$(PROJECT_DIR)/xmosdfu",
					"$(PROJECT_DIR)",
				);
				PRODUCT_NAME = "$(TARGET_NAME)";
			};
			name = Debug;
		};
		13D12C181BC99C70009E6E2B /* Release */ = {
			isa = XCBuildConfiguration;
			buildSettings = {
				LIBRARY_SEARCH_PATHS = (
					"$(inherited)",
					"$(PROJECT_DIR)/xmosdfu",
					"$(PROJECT_DIR)",
				);
				PRODUCT_NAME = "$(TARGET_NAME)";
			};
			name = Release;
		};
/* End XCBuildConfiguration section */

/* Begin XCConfigurationList section */
		13D12C0A1BC99C70009E6E2B /* Build configuration list for PBXProject "xmosdfu" */ = {
			isa = XCConfigurationList;
			buildConfigurations = (
				13D12C141BC99C70009E6E2B /* Debug */,
				13D12C151BC99C70009E6E2B /* Release */,
			);
			defaultConfigurationIsVisible = 0;
			defaultConfigurationName = Release;
		};
		13D12C161BC99C70009E6E2B /* Build configuration list for PBXNativeTarget "xmosdfu" */ = {
			isa = XCConfigurationList;
			buildConfigurations = (
				13D12C171BC99C70009E6E2B /* Debug */,
				13D12C181BC99C70009E6E2B /* Release */,
			);
			defaultConfigurationIsVisible = 0;
			defaultConfigurationName = Release;
		};
/* End XCConfigurationList section */
	};
	rootObject = 13D12C071BC99C70009E6E2B /* Project object */;
}
